
Microsoft Visual Studio Solution File, Format Version 12.00
# Visual Studio Version 17
VisualStudioVersion = 17.7.34221.43
MinimumVisualStudioVersion = 10.0.40219.1
Project("{2150E333-8FDC-42A3-9474-1A3956D46DE8}") = "src", "src", "{6C213B0C-E1DF-44EE-B39B-48C13AB2905A}"
EndProject
Project("{2150E333-8FDC-42A3-9474-1A3956D46DE8}") = "tests", "tests", "{25D2D60C-DE7E-465E-83A9-47D20D545C51}"
EndProject
Project("{2150E333-8FDC-42A3-9474-1A3956D46DE8}") = "UnitTests", "UnitTests", "{AE0807C0-E297-4D5B-B9BD-0D53EFA9F00C}"
EndProject
Project("{9A19103F-16F7-4668-BE54-9A1E7A4F7556}") = "Application", "src\Aplication\Application.csproj", "{FE1F4ED0-E0E8-4246-BB7E-4BC4E1CCC203}"
EndProject
Project("{9A19103F-16F7-4668-BE54-9A1E7A4F7556}") = "Domain", "src\Domain\Domain.csproj", "{8C99E3EE-4105-4725-AA2F-AD4E50E28575}"
EndProject
Project("{9A19103F-16F7-4668-BE54-9A1E7A4F7556}") = "Infrastructure", "src\Infrastructure\Infrastructure.csproj", "{599C3465-44B9-43FA-9500-C3324F2266FC}"
EndProject
Project("{9A19103F-16F7-4668-BE54-9A1E7A4F7556}") = "WebApi", "src\WebApi\WebApi.csproj", "{EBBFE70F-907F-4BBC-98A8-185040AB9F4A}"
EndProject
Project("{9A19103F-16F7-4668-BE54-9A1E7A4F7556}") = "Application.UnitTests", "tests\Application.UnitTests\Application.UnitTests\Application.UnitTests.csproj", "{29534B53-0A00-472C-A0AA-453C991304C4}"
EndProject
Project("{FAE04EC0-301F-11D3-BF4B-00C04F79EFBC}") = "DataGenerator", "tests\DataGenerator\DataGenerator.csproj", "{33531E33-E0D6-413C-9BFF-F60B0377B8AC}"
EndProject
Global
	GlobalSection(SolutionConfigurationPlatforms) = preSolution
		Debug|Any CPU = Debug|Any CPU
		Release|Any CPU = Release|Any CPU
	EndGlobalSection
	GlobalSection(ProjectConfigurationPlatforms) = postSolution
		{FE1F4ED0-E0E8-4246-BB7E-4BC4E1CCC203}.Debug|Any CPU.ActiveCfg = Debug|Any CPU
		{FE1F4ED0-E0E8-4246-BB7E-4BC4E1CCC203}.Debug|Any CPU.Build.0 = Debug|Any CPU
		{FE1F4ED0-E0E8-4246-BB7E-4BC4E1CCC203}.Release|Any CPU.ActiveCfg = Release|Any CPU
		{FE1F4ED0-E0E8-4246-BB7E-4BC4E1CCC203}.Release|Any CPU.Build.0 = Release|Any CPU
		{8C99E3EE-4105-4725-AA2F-AD4E50E28575}.Debug|Any CPU.ActiveCfg = Debug|Any CPU
		{8C99E3EE-4105-4725-AA2F-AD4E50E28575}.Debug|Any CPU.Build.0 = Debug|Any CPU
		{8C99E3EE-4105-4725-AA2F-AD4E50E28575}.Release|Any CPU.ActiveCfg = Release|Any CPU
		{8C99E3EE-4105-4725-AA2F-AD4E50E28575}.Release|Any CPU.Build.0 = Release|Any CPU
		{599C3465-44B9-43FA-9500-C3324F2266FC}.Debug|Any CPU.ActiveCfg = Debug|Any CPU
		{599C3465-44B9-43FA-9500-C3324F2266FC}.Debug|Any CPU.Build.0 = Debug|Any CPU
		{599C3465-44B9-43FA-9500-C3324F2266FC}.Release|Any CPU.ActiveCfg = Release|Any CPU
		{599C3465-44B9-43FA-9500-C3324F2266FC}.Release|Any CPU.Build.0 = Release|Any CPU
		{EBBFE70F-907F-4BBC-98A8-185040AB9F4A}.Debug|Any CPU.ActiveCfg = Debug|Any CPU
		{EBBFE70F-907F-4BBC-98A8-185040AB9F4A}.Debug|Any CPU.Build.0 = Debug|Any CPU
		{EBBFE70F-907F-4BBC-98A8-185040AB9F4A}.Release|Any CPU.ActiveCfg = Release|Any CPU
		{EBBFE70F-907F-4BBC-98A8-185040AB9F4A}.Release|Any CPU.Build.0 = Release|Any CPU
		{29534B53-0A00-472C-A0AA-453C991304C4}.Debug|Any CPU.ActiveCfg = Debug|Any CPU
		{29534B53-0A00-472C-A0AA-453C991304C4}.Debug|Any CPU.Build.0 = Debug|Any CPU
		{29534B53-0A00-472C-A0AA-453C991304C4}.Release|Any CPU.ActiveCfg = Release|Any CPU
		{29534B53-0A00-472C-A0AA-453C991304C4}.Release|Any CPU.Build.0 = Release|Any CPU
		{33531E33-E0D6-413C-9BFF-F60B0377B8AC}.Debug|Any CPU.ActiveCfg = Debug|Any CPU
		{33531E33-E0D6-413C-9BFF-F60B0377B8AC}.Debug|Any CPU.Build.0 = Debug|Any CPU
		{33531E33-E0D6-413C-9BFF-F60B0377B8AC}.Release|Any CPU.ActiveCfg = Release|Any CPU
		{33531E33-E0D6-413C-9BFF-F60B0377B8AC}.Release|Any CPU.Build.0 = Release|Any CPU
	EndGlobalSection
	GlobalSection(SolutionProperties) = preSolution
		HideSolutionNode = FALSE
	EndGlobalSection
	GlobalSection(NestedProjects) = preSolution
		{AE0807C0-E297-4D5B-B9BD-0D53EFA9F00C} = {25D2D60C-DE7E-465E-83A9-47D20D545C51}
		{FE1F4ED0-E0E8-4246-BB7E-4BC4E1CCC203} = {6C213B0C-E1DF-44EE-B39B-48C13AB2905A}
		{8C99E3EE-4105-4725-AA2F-AD4E50E28575} = {6C213B0C-E1DF-44EE-B39B-48C13AB2905A}
		{599C3465-44B9-43FA-9500-C3324F2266FC} = {6C213B0C-E1DF-44EE-B39B-48C13AB2905A}
		{EBBFE70F-907F-4BBC-98A8-185040AB9F4A} = {6C213B0C-E1DF-44EE-B39B-48C13AB2905A}
		{29534B53-0A00-472C-A0AA-453C991304C4} = {AE0807C0-E297-4D5B-B9BD-0D53EFA9F00C}
		{33531E33-E0D6-413C-9BFF-F60B0377B8AC} = {AE0807C0-E297-4D5B-B9BD-0D53EFA9F00C}
	EndGlobalSection
	GlobalSection(ExtensibilityGlobals) = postSolution
		SolutionGuid = {45A105FB-C018-4C15-A6FD-A17D393DA1FE}
	EndGlobalSection
EndGlobal
