
Microsoft Visual Studio Solution File, Format Version 12.00
# Visual Studio Version 17
VisualStudioVersion = 17.7.34221.43
MinimumVisualStudioVersion = 10.0.40219.1
Project("{9A19103F-16F7-4668-BE54-9A1E7A4F7556}") = "Domain", "Domain\Domain.csproj", "{3D336DE3-7103-47CD-AF02-BD6C03AC8845}"
EndProject
Project("{9A19103F-16F7-4668-BE54-9A1E7A4F7556}") = "Application", "Aplication\Application.csproj", "{7E4AED0B-0ACB-4DA8-841D-1834483FD184}"
EndProject
Project("{9A19103F-16F7-4668-BE54-9A1E7A4F7556}") = "Infrastructure", "Infrastructure\Infrastructure.csproj", "{072D4AAE-4140-4EA8-8951-39B24C0755A7}"
EndProject
Project("{FAE04EC0-301F-11D3-BF4B-00C04F79EFBC}") = "WebApi", "WebApi\WebApi.csproj", "{9F92FB5D-7198-4385-98CA-0E7C31BAA70C}"
EndProject
Global
	GlobalSection(SolutionConfigurationPlatforms) = preSolution
		Debug|Any CPU = Debug|Any CPU
		Release|Any CPU = Release|Any CPU
	EndGlobalSection
	GlobalSection(ProjectConfigurationPlatforms) = postSolution
		{3D336DE3-7103-47CD-AF02-BD6C03AC8845}.Debug|Any CPU.ActiveCfg = Debug|Any CPU
		{3D336DE3-7103-47CD-AF02-BD6C03AC8845}.Debug|Any CPU.Build.0 = Debug|Any CPU
		{3D336DE3-7103-47CD-AF02-BD6C03AC8845}.Release|Any CPU.ActiveCfg = Release|Any CPU
		{3D336DE3-7103-47CD-AF02-BD6C03AC8845}.Release|Any CPU.Build.0 = Release|Any CPU
		{7E4AED0B-0ACB-4DA8-841D-1834483FD184}.Debug|Any CPU.ActiveCfg = Debug|Any CPU
		{7E4AED0B-0ACB-4DA8-841D-1834483FD184}.Debug|Any CPU.Build.0 = Debug|Any CPU
		{7E4AED0B-0ACB-4DA8-841D-1834483FD184}.Release|Any CPU.ActiveCfg = Release|Any CPU
		{7E4AED0B-0ACB-4DA8-841D-1834483FD184}.Release|Any CPU.Build.0 = Release|Any CPU
		{072D4AAE-4140-4EA8-8951-39B24C0755A7}.Debug|Any CPU.ActiveCfg = Debug|Any CPU
		{072D4AAE-4140-4EA8-8951-39B24C0755A7}.Debug|Any CPU.Build.0 = Debug|Any CPU
		{072D4AAE-4140-4EA8-8951-39B24C0755A7}.Release|Any CPU.ActiveCfg = Release|Any CPU
		{072D4AAE-4140-4EA8-8951-39B24C0755A7}.Release|Any CPU.Build.0 = Release|Any CPU
		{9F92FB5D-7198-4385-98CA-0E7C31BAA70C}.Debug|Any CPU.ActiveCfg = Debug|Any CPU
		{9F92FB5D-7198-4385-98CA-0E7C31BAA70C}.Debug|Any CPU.Build.0 = Debug|Any CPU
		{9F92FB5D-7198-4385-98CA-0E7C31BAA70C}.Release|Any CPU.ActiveCfg = Release|Any CPU
		{9F92FB5D-7198-4385-98CA-0E7C31BAA70C}.Release|Any CPU.Build.0 = Release|Any CPU
	EndGlobalSection
	GlobalSection(SolutionProperties) = preSolution
		HideSolutionNode = FALSE
	EndGlobalSection
	GlobalSection(ExtensibilityGlobals) = postSolution
		SolutionGuid = {45A105FB-C018-4C15-A6FD-A17D393DA1FE}
	EndGlobalSection
EndGlobal
